
Microsoft Visual Studio Solution File, Format Version 12.00
# Visual Studio Version 17
VisualStudioVersion = 17.11.35327.3
MinimumVisualStudioVersion = 10.0.40219.1
Project("{FAE04EC0-301F-11D3-BF4B-00C04F79EFBC}") = "SportradarCodingExercise.Server", "SportradarCodingExercise.Server\SportradarCodingExercise.Server.csproj", "{5DD8FA12-1134-40E1-B902-B0B934D4DA66}"
EndProject
Project("{54A90642-561A-4BB1-A94E-469ADEE60C69}") = "sportradarcodingexercise.client", "sportradarcodingexercise.client\sportradarcodingexercise.client.esproj", "{16F9B9D1-5C84-4087-B749-66F5BE81B825}"
EndProject
Global
	GlobalSection(SolutionConfigurationPlatforms) = preSolution
		Debug|Any CPU = Debug|Any CPU
		Release|Any CPU = Release|Any CPU
	EndGlobalSection
	GlobalSection(ProjectConfigurationPlatforms) = postSolution
		{5DD8FA12-1134-40E1-B902-B0B934D4DA66}.Debug|Any CPU.ActiveCfg = Debug|Any CPU
		{5DD8FA12-1134-40E1-B902-B0B934D4DA66}.Debug|Any CPU.Build.0 = Debug|Any CPU
		{5DD8FA12-1134-40E1-B902-B0B934D4DA66}.Release|Any CPU.ActiveCfg = Release|Any CPU
		{5DD8FA12-1134-40E1-B902-B0B934D4DA66}.Release|Any CPU.Build.0 = Release|Any CPU
		{16F9B9D1-5C84-4087-B749-66F5BE81B825}.Debug|Any CPU.ActiveCfg = Debug|Any CPU
		{16F9B9D1-5C84-4087-B749-66F5BE81B825}.Debug|Any CPU.Build.0 = Debug|Any CPU
		{16F9B9D1-5C84-4087-B749-66F5BE81B825}.Debug|Any CPU.Deploy.0 = Debug|Any CPU
		{16F9B9D1-5C84-4087-B749-66F5BE81B825}.Release|Any CPU.ActiveCfg = Release|Any CPU
		{16F9B9D1-5C84-4087-B749-66F5BE81B825}.Release|Any CPU.Build.0 = Release|Any CPU
		{16F9B9D1-5C84-4087-B749-66F5BE81B825}.Release|Any CPU.Deploy.0 = Release|Any CPU
	EndGlobalSection
	GlobalSection(SolutionProperties) = preSolution
		HideSolutionNode = FALSE
	EndGlobalSection
	GlobalSection(ExtensibilityGlobals) = postSolution
		SolutionGuid = {EC25C88F-5F75-47BE-9FA5-D24E303CFFBF}
	EndGlobalSection
EndGlobal
